// !$*UTF8*$!
{
	archiveVersion = 1;
	classes = {
	};
	objectVersion = 48;
	objects = {

/* Begin PBXBuildFile section */
		F7FE146120EF43980041A6C8 /* AppDelegate.swift in Sources */ = {isa = PBXBuildFile; fileRef = F7FE146020EF43980041A6C8 /* AppDelegate.swift */; };
		F7FE146320EF43980041A6C8 /* ViewController.swift in Sources */ = {isa = PBXBuildFile; fileRef = F7FE146220EF43980041A6C8 /* ViewController.swift */; };
		F7FE146620EF43980041A6C8 /* Main.storyboard in Resources */ = {isa = PBXBuildFile; fileRef = F7FE146420EF43980041A6C8 /* Main.storyboard */; };
		F7FE146820EF43980041A6C8 /* Assets.xcassets in Resources */ = {isa = PBXBuildFile; fileRef = F7FE146720EF43980041A6C8 /* Assets.xcassets */; };
		F7FE146B20EF43980041A6C8 /* LaunchScreen.storyboard in Resources */ = {isa = PBXBuildFile; fileRef = F7FE146920EF43980041A6C8 /* LaunchScreen.storyboard */; };
		F7FE147320EF44030041A6C8 /* CustomTableViewCell.swift in Sources */ = {isa = PBXBuildFile; fileRef = F7FE147220EF44030041A6C8 /* CustomTableViewCell.swift */; };
		F7FE147620EF44620041A6C8 /* Extension.swift in Sources */ = {isa = PBXBuildFile; fileRef = F7FE147520EF44620041A6C8 /* Extension.swift */; };
/* End PBXBuildFile section */

/* Begin PBXFileReference section */
		F7FE145D20EF43980041A6C8 /* StretchableHeader.app */ = {isa = PBXFileReference; explicitFileType = wrapper.application; includeInIndex = 0; path = StretchableHeader.app; sourceTree = BUILT_PRODUCTS_DIR; };
		F7FE146020EF43980041A6C8 /* AppDelegate.swift */ = {isa = PBXFileReference; lastKnownFileType = sourcecode.swift; path = AppDelegate.swift; sourceTree = "<group>"; };
		F7FE146220EF43980041A6C8 /* ViewController.swift */ = {isa = PBXFileReference; lastKnownFileType = sourcecode.swift; path = ViewController.swift; sourceTree = "<group>"; };
		F7FE146520EF43980041A6C8 /* Base */ = {isa = PBXFileReference; lastKnownFileType = file.storyboard; name = Base; path = Base.lproj/Main.storyboard; sourceTree = "<group>"; };
		F7FE146720EF43980041A6C8 /* Assets.xcassets */ = {isa = PBXFileReference; lastKnownFileType = folder.assetcatalog; path = Assets.xcassets; sourceTree = "<group>"; };
		F7FE146A20EF43980041A6C8 /* Base */ = {isa = PBXFileReference; lastKnownFileType = file.storyboard; name = Base; path = Base.lproj/LaunchScreen.storyboard; sourceTree = "<group>"; };
		F7FE146C20EF43980041A6C8 /* Info.plist */ = {isa = PBXFileReference; lastKnownFileType = text.plist.xml; path = Info.plist; sourceTree = "<group>"; };
		F7FE147220EF44030041A6C8 /* CustomTableViewCell.swift */ = {isa = PBXFileReference; lastKnownFileType = sourcecode.swift; path = CustomTableViewCell.swift; sourceTree = "<group>"; };
		F7FE147520EF44620041A6C8 /* Extension.swift */ = {isa = PBXFileReference; lastKnownFileType = sourcecode.swift; path = Extension.swift; sourceTree = "<group>"; };
/* End PBXFileReference section */

/* Begin PBXFrameworksBuildPhase section */
		F7FE145A20EF43980041A6C8 /* Frameworks */ = {
			isa = PBXFrameworksBuildPhase;
			buildActionMask = 2147483647;
			files = (
			);
			runOnlyForDeploymentPostprocessing = 0;
		};
/* End PBXFrameworksBuildPhase section */

/* Begin PBXGroup section */
		F7FE145420EF43980041A6C8 = {
			isa = PBXGroup;
			children = (
				F7FE145F20EF43980041A6C8 /* StretchableHeader */,
				F7FE145E20EF43980041A6C8 /* Products */,
			);
			sourceTree = "<group>";
		};
		F7FE145E20EF43980041A6C8 /* Products */ = {
			isa = PBXGroup;
			children = (
				F7FE145D20EF43980041A6C8 /* StretchableHeader.app */,
			);
			name = Products;
			sourceTree = "<group>";
		};
		F7FE145F20EF43980041A6C8 /* StretchableHeader */ = {
			isa = PBXGroup;
			children = (
				F7FE147420EF44500041A6C8 /* New Group */,
				F7FE146020EF43980041A6C8 /* AppDelegate.swift */,
				F7FE146220EF43980041A6C8 /* ViewController.swift */,
				F7FE147220EF44030041A6C8 /* CustomTableViewCell.swift */,
				F7FE146420EF43980041A6C8 /* Main.storyboard */,
				F7FE146720EF43980041A6C8 /* Assets.xcassets */,
				F7FE146920EF43980041A6C8 /* LaunchScreen.storyboard */,
				F7FE146C20EF43980041A6C8 /* Info.plist */,
			);
			path = StretchableHeader;
			sourceTree = "<group>";
		};
		F7FE147420EF44500041A6C8 /* New Group */ = {
			isa = PBXGroup;
			children = (
				F7FE147520EF44620041A6C8 /* Extension.swift */,
			);
			path = "New Group";
			sourceTree = "<group>";
		};
/* End PBXGroup section */

/* Begin PBXNativeTarget section */
		F7FE145C20EF43980041A6C8 /* StretchableHeader */ = {
			isa = PBXNativeTarget;
			buildConfigurationList = F7FE146F20EF43980041A6C8 /* Build configuration list for PBXNativeTarget "StretchableHeader" */;
			buildPhases = (
				F7FE145920EF43980041A6C8 /* Sources */,
				F7FE145A20EF43980041A6C8 /* Frameworks */,
				F7FE145B20EF43980041A6C8 /* Resources */,
			);
			buildRules = (
			);
			dependencies = (
			);
			name = StretchableHeader;
			productName = StretchableHeader;
			productReference = F7FE145D20EF43980041A6C8 /* StretchableHeader.app */;
			productType = "com.apple.product-type.application";
		};
/* End PBXNativeTarget section */

/* Begin PBXProject section */
		F7FE145520EF43980041A6C8 /* Project object */ = {
			isa = PBXProject;
			attributes = {
				LastSwiftUpdateCheck = 0910;
				LastUpgradeCheck = 0910;
				ORGANIZATIONNAME = "Keith Gapusan";
				TargetAttributes = {
					F7FE145C20EF43980041A6C8 = {
						CreatedOnToolsVersion = 9.1;
						ProvisioningStyle = Automatic;
					};
				};
			};
			buildConfigurationList = F7FE145820EF43980041A6C8 /* Build configuration list for PBXProject "StretchableHeader" */;
			compatibilityVersion = "Xcode 8.0";
			developmentRegion = en;
			hasScannedForEncodings = 0;
			knownRegions = (
				en,
				Base,
			);
			mainGroup = F7FE145420EF43980041A6C8;
			productRefGroup = F7FE145E20EF43980041A6C8 /* Products */;
			projectDirPath = "";
			projectRoot = "";
			targets = (
				F7FE145C20EF43980041A6C8 /* StretchableHeader */,
			);
		};
/* End PBXProject section */

/* Begin PBXResourcesBuildPhase section */
		F7FE145B20EF43980041A6C8 /* Resources */ = {
			isa = PBXResourcesBuildPhase;
			buildActionMask = 2147483647;
			files = (
				F7FE146B20EF43980041A6C8 /* LaunchScreen.storyboard in Resources */,
				F7FE146820EF43980041A6C8 /* Assets.xcassets in Resources */,
				F7FE146620EF43980041A6C8 /* Main.storyboard in Resources */,
			);
			runOnlyForDeploymentPostprocessing = 0;
		};
/* End PBXResourcesBuildPhase section */

/* Begin PBXSourcesBuildPhase section */
		F7FE145920EF43980041A6C8 /* Sources */ = {
			isa = PBXSourcesBuildPhase;
			buildActionMask = 2147483647;
			files = (
				F7FE147320EF44030041A6C8 /* CustomTableViewCell.swift in Sources */,
				F7FE146320EF43980041A6C8 /* ViewController.swift in Sources */,
				F7FE146120EF43980041A6C8 /* AppDelegate.swift in Sources */,
				F7FE147620EF44620041A6C8 /* Extension.swift in Sources */,
			);
			runOnlyForDeploymentPostprocessing = 0;
		};
/* End PBXSourcesBuildPhase section */

/* Begin PBXVariantGroup section */
		F7FE146420EF43980041A6C8 /* Main.storyboard */ = {
			isa = PBXVariantGroup;
			children = (
				F7FE146520EF43980041A6C8 /* Base */,
			);
			name = Main.storyboard;
			sourceTree = "<group>";
		};
		F7FE146920EF43980041A6C8 /* LaunchScreen.storyboard */ = {
			isa = PBXVariantGroup;
			children = (
				F7FE146A20EF43980041A6C8 /* Base */,
			);
			name = LaunchScreen.storyboard;
			sourceTree = "<group>";
		};
/* End PBXVariantGroup section */

/* Begin XCBuildConfiguration section */
		F7FE146D20EF43980041A6C8 /* Debug */ = {
			isa = XCBuildConfiguration;
			buildSettings = {
				ALWAYS_SEARCH_USER_PATHS = NO;
				CLANG_ANALYZER_NONNULL = YES;
				CLANG_ANALYZER_NUMBER_OBJECT_CONVERSION = YES_AGGRESSIVE;
				CLANG_CXX_LANGUAGE_STANDARD = "gnu++14";
				CLANG_CXX_LIBRARY = "libc++";
				CLANG_ENABLE_MODULES = YES;
				CLANG_ENABLE_OBJC_ARC = YES;
				CLANG_WARN_BLOCK_CAPTURE_AUTORELEASING = YES;
				CLANG_WARN_BOOL_CONVERSION = YES;
				CLANG_WARN_COMMA = YES;
				CLANG_WARN_CONSTANT_CONVERSION = YES;
				CLANG_WARN_DIRECT_OBJC_ISA_USAGE = YES_ERROR;
				CLANG_WARN_DOCUMENTATION_COMMENTS = YES;
				CLANG_WARN_EMPTY_BODY = YES;
				CLANG_WARN_ENUM_CONVERSION = YES;
				CLANG_WARN_INFINITE_RECURSION = YES;
				CLANG_WARN_INT_CONVERSION = YES;
				CLANG_WARN_NON_LITERAL_NULL_CONVERSION = YES;
				CLANG_WARN_OBJC_LITERAL_CONVERSION = YES;
				CLANG_WARN_OBJC_ROOT_CLASS = YES_ERROR;
				CLANG_WARN_RANGE_LOOP_ANALYSIS = YES;
				CLANG_WARN_STRICT_PROTOTYPES = YES;
				CLANG_WARN_SUSPICIOUS_MOVE = YES;
				CLANG_WARN_UNGUARDED_AVAILABILITY = YES_AGGRESSIVE;
				CLANG_WARN_UNREACHABLE_CODE = YES;
				CLANG_WARN__DUPLICATE_METHOD_MATCH = YES;
				CODE_SIGN_IDENTITY = "iPhone Developer";
				COPY_PHASE_STRIP = NO;
				DEBUG_INFORMATION_FORMAT = dwarf;
				ENABLE_STRICT_OBJC_MSGSEND = YES;
				ENABLE_TESTABILITY = YES;
				GCC_C_LANGUAGE_STANDARD = gnu11;
				GCC_DYNAMIC_NO_PIC = NO;
				GCC_NO_COMMON_BLOCKS = YES;
				GCC_OPTIMIZATION_LEVEL = 0;
				GCC_PREPROCESSOR_DEFINITIONS = (
					"DEBUG=1",
					"$(inherited)",
				);
				GCC_WARN_64_TO_32_BIT_CONVERSION = YES;
				GCC_WARN_ABOUT_RETURN_TYPE = YES_ERROR;
				GCC_WARN_UNDECLARED_SELECTOR = YES;
				GCC_WARN_UNINITIALIZED_AUTOS = YES_AGGRESSIVE;
				GCC_WARN_UNUSED_FUNCTION = YES;
				GCC_WARN_UNUSED_VARIABLE = YES;
				IPHONEOS_DEPLOYMENT_TARGET = 11.1;
				MTL_ENABLE_DEBUG_INFO = YES;
				ONLY_ACTIVE_ARCH = YES;
				SDKROOT = iphoneos;
				SWIFT_ACTIVE_COMPILATION_CONDITIONS = DEBUG;
				SWIFT_OPTIMIZATION_LEVEL = "-Onone";
			};
			name = Debug;
		};
		F7FE146E20EF43980041A6C8 /* Release */ = {
			isa = XCBuildConfiguration;
			buildSettings = {
				ALWAYS_SEARCH_USER_PATHS = NO;
				CLANG_ANALYZER_NONNULL = YES;
				CLANG_ANALYZER_NUMBER_OBJECT_CONVERSION = YES_AGGRESSIVE;
				CLANG_CXX_LANGUAGE_STANDARD = "gnu++14";
				CLANG_CXX_LIBRARY = "libc++";
				CLANG_ENABLE_MODULES = YES;
				CLANG_ENABLE_OBJC_ARC = YES;
				CLANG_WARN_BLOCK_CAPTURE_AUTORELEASING = YES;
				CLANG_WARN_BOOL_CONVERSION = YES;
				CLANG_WARN_COMMA = YES;
				CLANG_WARN_CONSTANT_CONVERSION = YES;
				CLANG_WARN_DIRECT_OBJC_ISA_USAGE = YES_ERROR;
				CLANG_WARN_DOCUMENTATION_COMMENTS = YES;
				CLANG_WARN_EMPTY_BODY = YES;
				CLANG_WARN_ENUM_CONVERSION = YES;
				CLANG_WARN_INFINITE_RECURSION = YES;
				CLANG_WARN_INT_CONVERSION = YES;
				CLANG_WARN_NON_LITERAL_NULL_CONVERSION = YES;
				CLANG_WARN_OBJC_LITERAL_CONVERSION = YES;
				CLANG_WARN_OBJC_ROOT_CLASS = YES_ERROR;
				CLANG_WARN_RANGE_LOOP_ANALYSIS = YES;
				CLANG_WARN_STRICT_PROTOTYPES = YES;
				CLANG_WARN_SUSPICIOUS_MOVE = YES;
				CLANG_WARN_UNGUARDED_AVAILABILITY = YES_AGGRESSIVE;
				CLANG_WARN_UNREACHABLE_CODE = YES;
				CLANG_WARN__DUPLICATE_METHOD_MATCH = YES;
				CODE_SIGN_IDENTITY = "iPhone Developer";
				COPY_PHASE_STRIP = NO;
				DEBUG_INFORMATION_FORMAT = "dwarf-with-dsym";
				ENABLE_NS_ASSERTIONS = NO;
				ENABLE_STRICT_OBJC_MSGSEND = YES;
				GCC_C_LANGUAGE_STANDARD = gnu11;
				GCC_NO_COMMON_BLOCKS = YES;
				GCC_WARN_64_TO_32_BIT_CONVERSION = YES;
				GCC_WARN_ABOUT_RETURN_TYPE = YES_ERROR;
				GCC_WARN_UNDECLARED_SELECTOR = YES;
				GCC_WARN_UNINITIALIZED_AUTOS = YES_AGGRESSIVE;
				GCC_WARN_UNUSED_FUNCTION = YES;
				GCC_WARN_UNUSED_VARIABLE = YES;
				IPHONEOS_DEPLOYMENT_TARGET = 11.1;
				MTL_ENABLE_DEBUG_INFO = NO;
				SDKROOT = iphoneos;
				SWIFT_OPTIMIZATION_LEVEL = "-Owholemodule";
				VALIDATE_PRODUCT = YES;
			};
			name = Release;
		};
		F7FE147020EF43980041A6C8 /* Debug */ = {
			isa = XCBuildConfiguration;
			buildSettings = {
				ASSETCATALOG_COMPILER_APPICON_NAME = AppIcon;
				CODE_SIGN_STYLE = Automatic;
				DEVELOPMENT_TEAM = 5M8AYP3HD3;
				INFOPLIST_FILE = StretchableHeader/Info.plist;
				LD_RUNPATH_SEARCH_PATHS = "$(inherited) @executable_path/Frameworks";
				PRODUCT_BUNDLE_IDENTIFIER = ph.com.krsgapusan.StretchableHeader;
				PRODUCT_NAME = "$(TARGET_NAME)";
				SWIFT_VERSION = 4.0;
				TARGETED_DEVICE_FAMILY = "1,2";
			};
			name = Debug;
		};
		F7FE147120EF43980041A6C8 /* Release */ = {
			isa = XCBuildConfiguration;
			buildSettings = {
				ASSETCATALOG_COMPILER_APPICON_NAME = AppIcon;
				CODE_SIGN_STYLE = Automatic;
				DEVELOPMENT_TEAM = 5M8AYP3HD3;
				INFOPLIST_FILE = StretchableHeader/Info.plist;
				LD_RUNPATH_SEARCH_PATHS = "$(inherited) @executable_path/Frameworks";
				PRODUCT_BUNDLE_IDENTIFIER = ph.com.krsgapusan.StretchableHeader;
				PRODUCT_NAME = "$(TARGET_NAME)";
				SWIFT_VERSION = 4.0;
				TARGETED_DEVICE_FAMILY = "1,2";
			};
			name = Release;
		};
/* End XCBuildConfiguration section */

/* Begin XCConfigurationList section */
		F7FE145820EF43980041A6C8 /* Build configuration list for PBXProject "StretchableHeader" */ = {
			isa = XCConfigurationList;
			buildConfigurations = (
				F7FE146D20EF43980041A6C8 /* Debug */,
				F7FE146E20EF43980041A6C8 /* Release */,
			);
			defaultConfigurationIsVisible = 0;
			defaultConfigurationName = Release;
		};
		F7FE146F20EF43980041A6C8 /* Build configuration list for PBXNativeTarget "StretchableHeader" */ = {
			isa = XCConfigurationList;
			buildConfigurations = (
				F7FE147020EF43980041A6C8 /* Debug */,
				F7FE147120EF43980041A6C8 /* Release */,
			);
			defaultConfigurationIsVisible = 0;
			defaultConfigurationName = Release;
		};
/* End XCConfigurationList section */
	};
	rootObject = F7FE145520EF43980041A6C8 /* Project object */;
}
